<?xml version="1.0" encoding="utf-8"?>
<Project ToolsVersion="4.0" xmlns="http://schemas.microsoft.com/developer/msbuild/2003">
  <ItemGroup>
    <ClCompile Include="..\src\PatientDevices\PatientDeviceGenerator.cxx">
      <Filter>Source Files</Filter>
    </ClCompile>
    <ClCompile Include="..\src\CommonInfrastructure\DDSCommunicator.cxx">
      <Filter>Source Files</Filter>
    </ClCompile>
    <ClCompile Include="..\src\PatientDevices\DDSPatientDeviceInterface.cxx">
      <Filter>Source Files</Filter>
    </ClCompile>
  </ItemGroup>
  <ItemGroup>
    <ClInclude Include="..\src\CommonInfrastructure\DDSCommunicator.h">
      <Filter>Header Files</Filter>
    </ClInclude>
    <ClInclude Include="..\src\PatientDevices\DDSPatientDeviceInterface.h">
      <Filter>Header Files</Filter>
    </ClInclude>
    <ClInclude Include="..\src\CommonInfrastructure\DDSTypeWrapper.h">
      <Filter>Header Files</Filter>
    </ClInclude>
    <ClInclude Include="..\src\CommonInfrastructure\OSAPI.h">
      <Filter>Header Files</Filter>
    </ClInclude>
  </ItemGroup>
  <ItemGroup>
    <Filter Include="Header Files">
      <UniqueIdentifier>{82613448-6fc8-4988-b8f8-33778de0c8be}</UniqueIdentifier>
    </Filter>
    <Filter Include="Source Files">
      <UniqueIdentifier>{49183b3c-783f-4e77-868c-7f24b48fe51f}</UniqueIdentifier>
    </Filter>
    <Filter Include="Resource Files">
      <UniqueIdentifier>{74356fe1-aa28-48c9-ac5b-3ac375117c70}</UniqueIdentifier>
    </Filter>
  </ItemGroup>
  <ItemGroup>
    <None Include="..\src\Config\qos_profiles.xml">
      <Filter>Resource Files</Filter>
    </None>
  </ItemGroup>
</Project>