<?xml version="1.0" encoding="utf-8"?>
<Project ToolsVersion="4.0" xmlns="http://schemas.microsoft.com/developer/msbuild/2003">
  <ItemGroup>
    <Filter Include="Source Files">
      <UniqueIdentifier>{4FC737F1-C7A5-4376-A066-2A32D752A2FF}</UniqueIdentifier>
      <Extensions>cpp;c;cc;cxx;def;odl;idl;hpj;bat;asm;asmx</Extensions>
    </Filter>
    <Filter Include="Header Files">
      <UniqueIdentifier>{93995380-89BD-4b04-88EB-625FBE52EBFB}</UniqueIdentifier>
      <Extensions>h;hpp;hxx;hm;inl;inc;xsd</Extensions>
    </Filter>
    <Filter Include="Resource Files">
      <UniqueIdentifier>{67DA6AB6-F800-4c08-8B7A-83BB121AAD01}</UniqueIdentifier>
      <Extensions>rc;ico;cur;bmp;dlg;rc2;rct;bin;rgs;gif;jpg;jpeg;jpe;resx;tiff;tif;png;wav;mfcribbon-ms</Extensions>
    </Filter>
    <Filter Include="IDL">
      <UniqueIdentifier>{73ca3dbc-c2b8-4e26-a10f-6feb5db8c638}</UniqueIdentifier>
    </Filter>
  </ItemGroup>
  <ItemGroup>
    <CustomBuild Include="..\src\Idl\alarm.idl">
      <Filter>IDL</Filter>
    </CustomBuild>
    <CustomBuild Include="..\src\Idl\ice.idl">
      <Filter>IDL</Filter>
    </CustomBuild>
    <CustomBuild Include="..\src\Idl\patient.idl">
      <Filter>IDL</Filter>
    </CustomBuild>
    <CustomBuild Include="..\src\Idl\profiles.idl">
      <Filter>IDL</Filter>
    </CustomBuild>
  </ItemGroup>
  <ItemGroup>
    <ClCompile Include="..\src\Generated\alarm.cxx">
      <Filter>Source Files</Filter>
    </ClCompile>
    <ClCompile Include="..\src\Generated\alarmPlugin.cxx">
      <Filter>Source Files</Filter>
    </ClCompile>
    <ClCompile Include="..\src\Generated\alarmSupport.cxx">
      <Filter>Source Files</Filter>
    </ClCompile>
    <ClCompile Include="..\src\Generated\ice.cxx">
      <Filter>Source Files</Filter>
    </ClCompile>
    <ClCompile Include="..\src\Generated\icePlugin.cxx">
      <Filter>Source Files</Filter>
    </ClCompile>
    <ClCompile Include="..\src\Generated\iceSupport.cxx">
      <Filter>Source Files</Filter>
    </ClCompile>
    <ClCompile Include="..\src\Generated\patient.cxx">
      <Filter>Source Files</Filter>
    </ClCompile>
    <ClCompile Include="..\src\Generated\patientPlugin.cxx">
      <Filter>Source Files</Filter>
    </ClCompile>
    <ClCompile Include="..\src\Generated\patientSupport.cxx">
      <Filter>Source Files</Filter>
    </ClCompile>
    <ClCompile Include="..\src\Generated\profiles.cxx">
      <Filter>Source Files</Filter>
    </ClCompile>
    <ClCompile Include="..\src\Generated\profilesPlugin.cxx">
      <Filter>Source Files</Filter>
    </ClCompile>
    <ClCompile Include="..\src\Generated\profilesSupport.cxx">
      <Filter>Source Files</Filter>
    </ClCompile>
  </ItemGroup>
  <ItemGroup>
    <ClInclude Include="..\src\Generated\alarm.h">
      <Filter>Header Files</Filter>
    </ClInclude>
    <ClInclude Include="..\src\Generated\alarmPlugin.h">
      <Filter>Header Files</Filter>
    </ClInclude>
    <ClInclude Include="..\src\Generated\alarmSupport.h">
      <Filter>Header Files</Filter>
    </ClInclude>
    <ClInclude Include="..\src\Generated\ice.h">
      <Filter>Header Files</Filter>
    </ClInclude>
    <ClInclude Include="..\src\Generated\icePlugin.h">
      <Filter>Header Files</Filter>
    </ClInclude>
    <ClInclude Include="..\src\Generated\iceSupport.h">
      <Filter>Header Files</Filter>
    </ClInclude>
    <ClInclude Include="..\src\Generated\patient.h">
      <Filter>Header Files</Filter>
    </ClInclude>
    <ClInclude Include="..\src\Generated\patientPlugin.h">
      <Filter>Header Files</Filter>
    </ClInclude>
    <ClInclude Include="..\src\Generated\patientSupport.h">
      <Filter>Header Files</Filter>
    </ClInclude>
    <ClInclude Include="..\src\Generated\profiles.h">
      <Filter>Header Files</Filter>
    </ClInclude>
    <ClInclude Include="..\src\Generated\profilesPlugin.h">
      <Filter>Header Files</Filter>
    </ClInclude>
    <ClInclude Include="..\src\Generated\profilesSupport.h">
      <Filter>Header Files</Filter>
    </ClInclude>
  </ItemGroup>
</Project>